
Microsoft Visual Studio Solution File, Format Version 12.00
# Visual Studio Version 17
VisualStudioVersion = 17.14.36623.8
MinimumVisualStudioVersion = 10.0.40219.1
Project("{2150E333-8FDC-42A3-9474-1A3956D46DE8}") = "src", "src", "{02EA681E-C7D8-13C7-8484-4AC65E1B71E8}"
EndProject
Project("{2150E333-8FDC-42A3-9474-1A3956D46DE8}") = "docs", "docs", "{C654804C-EFA8-4FBB-95A8-430C550AC8AF}"
EndProject
Project("{2150E333-8FDC-42A3-9474-1A3956D46DE8}") = "architecture", "architecture", "{01E90F55-2AE6-4F31-B58D-4EC5067AC52F}"
	ProjectSection(SolutionItems) = preProject
		overview.md = overview.md
	EndProjectSection
EndProject
Project("{2150E333-8FDC-42A3-9474-1A3956D46DE8}") = "business", "business", "{A955E472-0CE1-44BB-83AA-614E7FB677D1}"
	ProjectSection(SolutionItems) = preProject
		task-management.md = task-management.md
	EndProjectSection
EndProject
Project("{2150E333-8FDC-42A3-9474-1A3956D46DE8}") = "decisions", "decisions", "{947B3B26-59BD-4289-9DEC-C571E8E4E21C}"
	ProjectSection(SolutionItems) = preProject
		001-authentication.md = 001-authentication.md
	EndProjectSection
EndProject
Project("{2150E333-8FDC-42A3-9474-1A3956D46DE8}") = "task-service", "task-service", "{83A92163-8D9E-4AB7-B259-7131850812DE}"
EndProject
Project("{FAE04EC0-301F-11D3-BF4B-00C04F79EFBC}") = "TaskService.API", "src\task-service\TaskService.API\TaskService.API.csproj", "{DE6994C3-FC45-471E-838B-6878F18EA026}"
EndProject
Project("{FAE04EC0-301F-11D3-BF4B-00C04F79EFBC}") = "TaskService.Application", "src\task-service\TaskService.Application\TaskService.Application.csproj", "{9D07DB4C-0D59-4DA2-9207-38046BD4A89F}"
EndProject
Project("{FAE04EC0-301F-11D3-BF4B-00C04F79EFBC}") = "TaskService.Domain", "src\task-service\TaskService.Domain\TaskService.Domain.csproj", "{CC332003-5AB5-4FB1-9186-FFCFBE41A073}"
EndProject
Project("{FAE04EC0-301F-11D3-BF4B-00C04F79EFBC}") = "TaskService.Infrastructure", "src\task-service\TaskService.Infrastructure\TaskService.Infrastructure.csproj", "{6B1102B6-E9C1-482F-9014-E78BD10739C5}"
EndProject
Project("{2150E333-8FDC-42A3-9474-1A3956D46DE8}") = "notification-service", "notification-service", "{80446DC9-557E-4051-8B33-359B04CDC73A}"
EndProject
Project("{FAE04EC0-301F-11D3-BF4B-00C04F79EFBC}") = "NotificationService.API", "src\notification-service\NotificationService.API\NotificationService.API.csproj", "{0C277D89-1146-4AFB-9016-EE12BE7B1AEE}"
EndProject
Project("{FAE04EC0-301F-11D3-BF4B-00C04F79EFBC}") = "NotificationService.Application", "src\notification-service\NotificationService.Application\NotificationService.Application.csproj", "{9060C8A8-6BFB-4D09-BED4-7C59734EB6CC}"
EndProject
Project("{FAE04EC0-301F-11D3-BF4B-00C04F79EFBC}") = "NotificationService.Domain", "src\notification-service\NotificationService.Domain\NotificationService.Domain.csproj", "{8102E33C-5F2F-4B74-A400-25DC5D050CC9}"
EndProject
Project("{FAE04EC0-301F-11D3-BF4B-00C04F79EFBC}") = "NotificationService.Contracts", "src\notification-service\NotificationService.Contracts\NotificationService.Contracts.csproj", "{F0C052E2-F3E6-46EE-A542-4CE0E50C44FA}"
EndProject
Project("{FAE04EC0-301F-11D3-BF4B-00C04F79EFBC}") = "NotificationService.Infrastructure", "src\notification-service\NotificationService.Infrastructure\NotificationService.Infrastructure.csproj", "{BF9745EB-CCC0-43E9-B5E6-ADDE9FAD68C1}"
EndProject
Global
	GlobalSection(SolutionConfigurationPlatforms) = preSolution
		Debug|Any CPU = Debug|Any CPU
		Release|Any CPU = Release|Any CPU
	EndGlobalSection
	GlobalSection(ProjectConfigurationPlatforms) = postSolution
		{DE6994C3-FC45-471E-838B-6878F18EA026}.Debug|Any CPU.ActiveCfg = Debug|Any CPU
		{DE6994C3-FC45-471E-838B-6878F18EA026}.Debug|Any CPU.Build.0 = Debug|Any CPU
		{DE6994C3-FC45-471E-838B-6878F18EA026}.Release|Any CPU.ActiveCfg = Release|Any CPU
		{DE6994C3-FC45-471E-838B-6878F18EA026}.Release|Any CPU.Build.0 = Release|Any CPU
		{9D07DB4C-0D59-4DA2-9207-38046BD4A89F}.Debug|Any CPU.ActiveCfg = Debug|Any CPU
		{9D07DB4C-0D59-4DA2-9207-38046BD4A89F}.Debug|Any CPU.Build.0 = Debug|Any CPU
		{9D07DB4C-0D59-4DA2-9207-38046BD4A89F}.Release|Any CPU.ActiveCfg = Release|Any CPU
		{9D07DB4C-0D59-4DA2-9207-38046BD4A89F}.Release|Any CPU.Build.0 = Release|Any CPU
		{CC332003-5AB5-4FB1-9186-FFCFBE41A073}.Debug|Any CPU.ActiveCfg = Debug|Any CPU
		{CC332003-5AB5-4FB1-9186-FFCFBE41A073}.Debug|Any CPU.Build.0 = Debug|Any CPU
		{CC332003-5AB5-4FB1-9186-FFCFBE41A073}.Release|Any CPU.ActiveCfg = Release|Any CPU
		{CC332003-5AB5-4FB1-9186-FFCFBE41A073}.Release|Any CPU.Build.0 = Release|Any CPU
		{6B1102B6-E9C1-482F-9014-E78BD10739C5}.Debug|Any CPU.ActiveCfg = Debug|Any CPU
		{6B1102B6-E9C1-482F-9014-E78BD10739C5}.Debug|Any CPU.Build.0 = Debug|Any CPU
		{6B1102B6-E9C1-482F-9014-E78BD10739C5}.Release|Any CPU.ActiveCfg = Release|Any CPU
		{6B1102B6-E9C1-482F-9014-E78BD10739C5}.Release|Any CPU.Build.0 = Release|Any CPU
		{0C277D89-1146-4AFB-9016-EE12BE7B1AEE}.Debug|Any CPU.ActiveCfg = Debug|Any CPU
		{0C277D89-1146-4AFB-9016-EE12BE7B1AEE}.Debug|Any CPU.Build.0 = Debug|Any CPU
		{0C277D89-1146-4AFB-9016-EE12BE7B1AEE}.Release|Any CPU.ActiveCfg = Release|Any CPU
		{0C277D89-1146-4AFB-9016-EE12BE7B1AEE}.Release|Any CPU.Build.0 = Release|Any CPU
		{9060C8A8-6BFB-4D09-BED4-7C59734EB6CC}.Debug|Any CPU.ActiveCfg = Debug|Any CPU
		{9060C8A8-6BFB-4D09-BED4-7C59734EB6CC}.Debug|Any CPU.Build.0 = Debug|Any CPU
		{9060C8A8-6BFB-4D09-BED4-7C59734EB6CC}.Release|Any CPU.ActiveCfg = Release|Any CPU
		{9060C8A8-6BFB-4D09-BED4-7C59734EB6CC}.Release|Any CPU.Build.0 = Release|Any CPU
		{8102E33C-5F2F-4B74-A400-25DC5D050CC9}.Debug|Any CPU.ActiveCfg = Debug|Any CPU
		{8102E33C-5F2F-4B74-A400-25DC5D050CC9}.Debug|Any CPU.Build.0 = Debug|Any CPU
		{8102E33C-5F2F-4B74-A400-25DC5D050CC9}.Release|Any CPU.ActiveCfg = Release|Any CPU
		{8102E33C-5F2F-4B74-A400-25DC5D050CC9}.Release|Any CPU.Build.0 = Release|Any CPU
		{F0C052E2-F3E6-46EE-A542-4CE0E50C44FA}.Debug|Any CPU.ActiveCfg = Debug|Any CPU
		{F0C052E2-F3E6-46EE-A542-4CE0E50C44FA}.Debug|Any CPU.Build.0 = Debug|Any CPU
		{F0C052E2-F3E6-46EE-A542-4CE0E50C44FA}.Release|Any CPU.ActiveCfg = Release|Any CPU
		{F0C052E2-F3E6-46EE-A542-4CE0E50C44FA}.Release|Any CPU.Build.0 = Release|Any CPU
		{BF9745EB-CCC0-43E9-B5E6-ADDE9FAD68C1}.Debug|Any CPU.ActiveCfg = Debug|Any CPU
		{BF9745EB-CCC0-43E9-B5E6-ADDE9FAD68C1}.Debug|Any CPU.Build.0 = Debug|Any CPU
		{BF9745EB-CCC0-43E9-B5E6-ADDE9FAD68C1}.Release|Any CPU.ActiveCfg = Release|Any CPU
		{BF9745EB-CCC0-43E9-B5E6-ADDE9FAD68C1}.Release|Any CPU.Build.0 = Release|Any CPU
	EndGlobalSection
	GlobalSection(SolutionProperties) = preSolution
		HideSolutionNode = FALSE
	EndGlobalSection
	GlobalSection(NestedProjects) = preSolution
		{01E90F55-2AE6-4F31-B58D-4EC5067AC52F} = {C654804C-EFA8-4FBB-95A8-430C550AC8AF}
		{A955E472-0CE1-44BB-83AA-614E7FB677D1} = {C654804C-EFA8-4FBB-95A8-430C550AC8AF}
		{947B3B26-59BD-4289-9DEC-C571E8E4E21C} = {C654804C-EFA8-4FBB-95A8-430C550AC8AF}
		{83A92163-8D9E-4AB7-B259-7131850812DE} = {02EA681E-C7D8-13C7-8484-4AC65E1B71E8}
		{DE6994C3-FC45-471E-838B-6878F18EA026} = {83A92163-8D9E-4AB7-B259-7131850812DE}
		{9D07DB4C-0D59-4DA2-9207-38046BD4A89F} = {83A92163-8D9E-4AB7-B259-7131850812DE}
		{CC332003-5AB5-4FB1-9186-FFCFBE41A073} = {83A92163-8D9E-4AB7-B259-7131850812DE}
		{6B1102B6-E9C1-482F-9014-E78BD10739C5} = {83A92163-8D9E-4AB7-B259-7131850812DE}
		{80446DC9-557E-4051-8B33-359B04CDC73A} = {02EA681E-C7D8-13C7-8484-4AC65E1B71E8}
		{0C277D89-1146-4AFB-9016-EE12BE7B1AEE} = {80446DC9-557E-4051-8B33-359B04CDC73A}
		{9060C8A8-6BFB-4D09-BED4-7C59734EB6CC} = {80446DC9-557E-4051-8B33-359B04CDC73A}
		{8102E33C-5F2F-4B74-A400-25DC5D050CC9} = {80446DC9-557E-4051-8B33-359B04CDC73A}
		{F0C052E2-F3E6-46EE-A542-4CE0E50C44FA} = {80446DC9-557E-4051-8B33-359B04CDC73A}
		{BF9745EB-CCC0-43E9-B5E6-ADDE9FAD68C1} = {80446DC9-557E-4051-8B33-359B04CDC73A}
	EndGlobalSection
	GlobalSection(ExtensibilityGlobals) = postSolution
		SolutionGuid = {3970F94A-EBAA-477F-B72C-E12E1DF6C488}
	EndGlobalSection
EndGlobal
